
Microsoft Visual Studio Solution File, Format Version 12.00
# Visual Studio Version 17
VisualStudioVersion = 17.3.32922.545
MinimumVisualStudioVersion = 10.0.40219.1
Project("{FAE04EC0-301F-11D3-BF4B-00C04F79EFBC}") = "DoAnThucTap", "DoAnThucTap\DoAnThucTap.csproj", "{F83B2ED7-B1BF-4269-89B6-A29B4B89029A}"
EndProject
Global
	GlobalSection(SolutionConfigurationPlatforms) = preSolution
		Debug|Any CPU = Debug|Any CPU
		Release|Any CPU = Release|Any CPU
	EndGlobalSection
	GlobalSection(ProjectConfigurationPlatforms) = postSolution
		{F83B2ED7-B1BF-4269-89B6-A29B4B89029A}.Debug|Any CPU.ActiveCfg = Debug|Any CPU
		{F83B2ED7-B1BF-4269-89B6-A29B4B89029A}.Debug|Any CPU.Build.0 = Debug|Any CPU
		{F83B2ED7-B1BF-4269-89B6-A29B4B89029A}.Release|Any CPU.ActiveCfg = Release|Any CPU
		{F83B2ED7-B1BF-4269-89B6-A29B4B89029A}.Release|Any CPU.Build.0 = Release|Any CPU
	EndGlobalSection
	GlobalSection(SolutionProperties) = preSolution
		HideSolutionNode = FALSE
	EndGlobalSection
	GlobalSection(ExtensibilityGlobals) = postSolution
		SolutionGuid = {1E96C592-6328-4E01-8F3E-4BC1BA58A006}
	EndGlobalSection
EndGlobal
